
Microsoft Visual Studio Solution File, Format Version 12.00
# Visual Studio Version 17
VisualStudioVersion = 17.8.34309.116
MinimumVisualStudioVersion = 10.0.40219.1
Project("{FAE04EC0-301F-11D3-BF4B-00C04F79EFBC}") = "CMS.BL", "CMS.BL\CMS.BL.csproj", "{BD8F460E-D3C6-4C4D-A6DA-42AD7C7333A3}"
EndProject
Project("{FAE04EC0-301F-11D3-BF4B-00C04F79EFBC}") = "CMS.DAL", "CMS.DAL\CMS.DAL.csproj", "{0D5E89A4-CFF2-4F56-86BF-9F3BC24314F8}"
EndProject
Project("{FAE04EC0-301F-11D3-BF4B-00C04F79EFBC}") = "CMS.PL", "CMS.PL\CMS.PL.csproj", "{71C523B3-89EA-46EB-A801-B9E5D6B9C4E9}"
EndProject
Global
	GlobalSection(SolutionConfigurationPlatforms) = preSolution
		Debug|Any CPU = Debug|Any CPU
		Release|Any CPU = Release|Any CPU
	EndGlobalSection
	GlobalSection(ProjectConfigurationPlatforms) = postSolution
		{BD8F460E-D3C6-4C4D-A6DA-42AD7C7333A3}.Debug|Any CPU.ActiveCfg = Debug|Any CPU
		{BD8F460E-D3C6-4C4D-A6DA-42AD7C7333A3}.Debug|Any CPU.Build.0 = Debug|Any CPU
		{BD8F460E-D3C6-4C4D-A6DA-42AD7C7333A3}.Release|Any CPU.ActiveCfg = Release|Any CPU
		{BD8F460E-D3C6-4C4D-A6DA-42AD7C7333A3}.Release|Any CPU.Build.0 = Release|Any CPU
		{0D5E89A4-CFF2-4F56-86BF-9F3BC24314F8}.Debug|Any CPU.ActiveCfg = Debug|Any CPU
		{0D5E89A4-CFF2-4F56-86BF-9F3BC24314F8}.Debug|Any CPU.Build.0 = Debug|Any CPU
		{0D5E89A4-CFF2-4F56-86BF-9F3BC24314F8}.Release|Any CPU.ActiveCfg = Release|Any CPU
		{0D5E89A4-CFF2-4F56-86BF-9F3BC24314F8}.Release|Any CPU.Build.0 = Release|Any CPU
		{71C523B3-89EA-46EB-A801-B9E5D6B9C4E9}.Debug|Any CPU.ActiveCfg = Debug|Any CPU
		{71C523B3-89EA-46EB-A801-B9E5D6B9C4E9}.Debug|Any CPU.Build.0 = Debug|Any CPU
		{71C523B3-89EA-46EB-A801-B9E5D6B9C4E9}.Release|Any CPU.ActiveCfg = Release|Any CPU
		{71C523B3-89EA-46EB-A801-B9E5D6B9C4E9}.Release|Any CPU.Build.0 = Release|Any CPU
	EndGlobalSection
	GlobalSection(SolutionProperties) = preSolution
		HideSolutionNode = FALSE
	EndGlobalSection
	GlobalSection(ExtensibilityGlobals) = postSolution
		SolutionGuid = {D876DD19-1E6E-47FF-9AB5-CB366CAEDA8C}
	EndGlobalSection
EndGlobal
